
Microsoft Visual Studio Solution File, Format Version 12.00
# Visual Studio Version 17
VisualStudioVersion = 17.0.31903.59
MinimumVisualStudioVersion = 10.0.40219.1
Project("{2150E333-8FDC-42A3-9474-1A3956D46DE8}") = "src", "src", "{309A18A8-070A-4090-852A-1A6FF7D47756}"
EndProject
Project("{FAE04EC0-301F-11D3-BF4B-00C04F79EFBC}") = "UnknownShard.Patching", "src\UnknownShard.Patching\UnknownShard.Patching.csproj", "{CB1080E8-90EB-4225-B600-04A66092CCFC}"
EndProject
Project("{FAE04EC0-301F-11D3-BF4B-00C04F79EFBC}") = "UnknownShard.Launcher.Core", "src\UnknownShard.Launcher.Core\UnknownShard.Launcher.Core.csproj", "{987B5D06-828B-479B-94C6-12AE3E861246}"
EndProject
Project("{2150E333-8FDC-42A3-9474-1A3956D46DE8}") = "tests", "tests", "{07B8D549-E289-49CC-B5C9-8D1570E67B99}"
EndProject
Project("{FAE04EC0-301F-11D3-BF4B-00C04F79EFBC}") = "UnknownShard.Launcher.Tests", "tests\UnknownShard.Launcher.Tests\UnknownShard.Launcher.Tests.csproj", "{F62157AA-F066-45EF-8015-6EB2307B4DC4}"
EndProject
Project("{FAE04EC0-301F-11D3-BF4B-00C04F79EFBC}") = "UnknownShardLauncher", "src\UnknownShardLauncher\UnknownShardLauncher.csproj", "{07BB4E59-5121-4445-A831-03D864744573}"
EndProject
Global
	GlobalSection(SolutionConfigurationPlatforms) = preSolution
		Debug|Any CPU = Debug|Any CPU
		Release|Any CPU = Release|Any CPU
	EndGlobalSection
	GlobalSection(SolutionProperties) = preSolution
		HideSolutionNode = FALSE
	EndGlobalSection
	GlobalSection(ProjectConfigurationPlatforms) = postSolution
		{CB1080E8-90EB-4225-B600-04A66092CCFC}.Debug|Any CPU.ActiveCfg = Debug|Any CPU
		{CB1080E8-90EB-4225-B600-04A66092CCFC}.Debug|Any CPU.Build.0 = Debug|Any CPU
		{CB1080E8-90EB-4225-B600-04A66092CCFC}.Release|Any CPU.ActiveCfg = Release|Any CPU
		{CB1080E8-90EB-4225-B600-04A66092CCFC}.Release|Any CPU.Build.0 = Release|Any CPU
		{987B5D06-828B-479B-94C6-12AE3E861246}.Debug|Any CPU.ActiveCfg = Debug|Any CPU
		{987B5D06-828B-479B-94C6-12AE3E861246}.Debug|Any CPU.Build.0 = Debug|Any CPU
		{987B5D06-828B-479B-94C6-12AE3E861246}.Release|Any CPU.ActiveCfg = Release|Any CPU
		{987B5D06-828B-479B-94C6-12AE3E861246}.Release|Any CPU.Build.0 = Release|Any CPU
		{F62157AA-F066-45EF-8015-6EB2307B4DC4}.Debug|Any CPU.ActiveCfg = Debug|Any CPU
		{F62157AA-F066-45EF-8015-6EB2307B4DC4}.Debug|Any CPU.Build.0 = Debug|Any CPU
		{F62157AA-F066-45EF-8015-6EB2307B4DC4}.Release|Any CPU.ActiveCfg = Release|Any CPU
		{F62157AA-F066-45EF-8015-6EB2307B4DC4}.Release|Any CPU.Build.0 = Release|Any CPU
		{07BB4E59-5121-4445-A831-03D864744573}.Debug|Any CPU.ActiveCfg = Debug|Any CPU
		{07BB4E59-5121-4445-A831-03D864744573}.Debug|Any CPU.Build.0 = Debug|Any CPU
		{07BB4E59-5121-4445-A831-03D864744573}.Release|Any CPU.ActiveCfg = Release|Any CPU
		{07BB4E59-5121-4445-A831-03D864744573}.Release|Any CPU.Build.0 = Release|Any CPU
	EndGlobalSection
	GlobalSection(NestedProjects) = preSolution
		{CB1080E8-90EB-4225-B600-04A66092CCFC} = {309A18A8-070A-4090-852A-1A6FF7D47756}
		{987B5D06-828B-479B-94C6-12AE3E861246} = {309A18A8-070A-4090-852A-1A6FF7D47756}
		{F62157AA-F066-45EF-8015-6EB2307B4DC4} = {07B8D549-E289-49CC-B5C9-8D1570E67B99}
		{07BB4E59-5121-4445-A831-03D864744573} = {309A18A8-070A-4090-852A-1A6FF7D47756}
	EndGlobalSection
EndGlobal
